// !$*UTF8*$!
{
	archiveVersion = 1;
	classes = {
	};
	objectVersion = 50;
	objects = {

/* Begin PBXBuildFile section */
		714EAABA2538A180009F9762 /* AppDelegate.swift in Sources */ = {isa = PBXBuildFile; fileRef = 714EAAB92538A180009F9762 /* AppDelegate.swift */; };
		714EAABC2538A180009F9762 /* SceneDelegate.swift in Sources */ = {isa = PBXBuildFile; fileRef = 714EAABB2538A180009F9762 /* SceneDelegate.swift */; };
		714EAABE2538A180009F9762 /* ContentView.swift in Sources */ = {isa = PBXBuildFile; fileRef = 714EAABD2538A180009F9762 /* ContentView.swift */; };
		714EAAC02538A1AB009F9762 /* Assets.xcassets in Resources */ = {isa = PBXBuildFile; fileRef = 714EAABF2538A1AB009F9762 /* Assets.xcassets */; };
		714EAAC32538A1AB009F9762 /* Preview Assets.xcassets in Resources */ = {isa = PBXBuildFile; fileRef = 714EAAC22538A1AB009F9762 /* Preview Assets.xcassets */; };
		714EAAC62538A1AB009F9762 /* LaunchScreen.storyboard in Resources */ = {isa = PBXBuildFile; fileRef = 714EAAC42538A1AB009F9762 /* LaunchScreen.storyboard */; };
/* End PBXBuildFile section */

/* Begin PBXFileReference section */
		714EAAB62538A180009F9762 /* Virtual Dice_UI.app */ = {isa = PBXFileReference; explicitFileType = wrapper.application; includeInIndex = 0; path = "Virtual Dice_UI.app"; sourceTree = BUILT_PRODUCTS_DIR; };
		714EAAB92538A180009F9762 /* AppDelegate.swift */ = {isa = PBXFileReference; lastKnownFileType = sourcecode.swift; path = AppDelegate.swift; sourceTree = "<group>"; };
		714EAABB2538A180009F9762 /* SceneDelegate.swift */ = {isa = PBXFileReference; lastKnownFileType = sourcecode.swift; path = SceneDelegate.swift; sourceTree = "<group>"; };
		714EAABD2538A180009F9762 /* ContentView.swift */ = {isa = PBXFileReference; lastKnownFileType = sourcecode.swift; path = ContentView.swift; sourceTree = "<group>"; };
		714EAABF2538A1AB009F9762 /* Assets.xcassets */ = {isa = PBXFileReference; lastKnownFileType = folder.assetcatalog; path = Assets.xcassets; sourceTree = "<group>"; };
		714EAAC22538A1AB009F9762 /* Preview Assets.xcassets */ = {isa = PBXFileReference; lastKnownFileType = folder.assetcatalog; path = "Preview Assets.xcassets"; sourceTree = "<group>"; };
		714EAAC52538A1AB009F9762 /* Base */ = {isa = PBXFileReference; lastKnownFileType = file.storyboard; name = Base; path = Base.lproj/LaunchScreen.storyboard; sourceTree = "<group>"; };
		714EAAC72538A1AB009F9762 /* Info.plist */ = {isa = PBXFileReference; lastKnownFileType = text.plist.xml; path = Info.plist; sourceTree = "<group>"; };
/* End PBXFileReference section */

/* Begin PBXFrameworksBuildPhase section */
		714EAAB32538A180009F9762 /* Frameworks */ = {
			isa = PBXFrameworksBuildPhase;
			buildActionMask = 2147483647;
			files = (
			);
			runOnlyForDeploymentPostprocessing = 0;
		};
/* End PBXFrameworksBuildPhase section */

/* Begin PBXGroup section */
		714EAAAD2538A17F009F9762 = {
			isa = PBXGroup;
			children = (
				714EAAB82538A180009F9762 /* Virtual Dice_UI */,
				714EAAB72538A180009F9762 /* Products */,
			);
			sourceTree = "<group>";
		};
		714EAAB72538A180009F9762 /* Products */ = {
			isa = PBXGroup;
			children = (
				714EAAB62538A180009F9762 /* Virtual Dice_UI.app */,
			);
			name = Products;
			sourceTree = "<group>";
		};
		714EAAB82538A180009F9762 /* Virtual Dice_UI */ = {
			isa = PBXGroup;
			children = (
				714EAAB92538A180009F9762 /* AppDelegate.swift */,
				714EAABB2538A180009F9762 /* SceneDelegate.swift */,
				714EAABD2538A180009F9762 /* ContentView.swift */,
				714EAABF2538A1AB009F9762 /* Assets.xcassets */,
				714EAAC42538A1AB009F9762 /* LaunchScreen.storyboard */,
				714EAAC72538A1AB009F9762 /* Info.plist */,
				714EAAC12538A1AB009F9762 /* Preview Content */,
			);
			path = "Virtual Dice_UI";
			sourceTree = "<group>";
		};
		714EAAC12538A1AB009F9762 /* Preview Content */ = {
			isa = PBXGroup;
			children = (
				714EAAC22538A1AB009F9762 /* Preview Assets.xcassets */,
			);
			path = "Preview Content";
			sourceTree = "<group>";
		};
/* End PBXGroup section */

/* Begin PBXNativeTarget section */
		714EAAB52538A180009F9762 /* Virtual Dice_UI */ = {
			isa = PBXNativeTarget;
			buildConfigurationList = 714EAACA2538A1AB009F9762 /* Build configuration list for PBXNativeTarget "Virtual Dice_UI" */;
			buildPhases = (
				714EAAB22538A180009F9762 /* Sources */,
				714EAAB32538A180009F9762 /* Frameworks */,
				714EAAB42538A180009F9762 /* Resources */,
			);
			buildRules = (
			);
			dependencies = (
			);
			name = "Virtual Dice_UI";
			productName = "Virtual Dice_UI";
			productReference = 714EAAB62538A180009F9762 /* Virtual Dice_UI.app */;
			productType = "com.apple.product-type.application";
		};
/* End PBXNativeTarget section */

/* Begin PBXProject section */
		714EAAAE2538A17F009F9762 /* Project object */ = {
			isa = PBXProject;
			attributes = {
				LastSwiftUpdateCheck = 1110;
				LastUpgradeCheck = 1110;
				ORGANIZATIONNAME = Hanan;
				TargetAttributes = {
					714EAAB52538A180009F9762 = {
						CreatedOnToolsVersion = 11.1;
					};
				};
			};
			buildConfigurationList = 714EAAB12538A17F009F9762 /* Build configuration list for PBXProject "Virtual Dice_UI" */;
			compatibilityVersion = "Xcode 9.3";
			developmentRegion = en;
			hasScannedForEncodings = 0;
			knownRegions = (
				en,
				Base,
			);
			mainGroup = 714EAAAD2538A17F009F9762;
			productRefGroup = 714EAAB72538A180009F9762 /* Products */;
			projectDirPath = "";
			projectRoot = "";
			targets = (
				714EAAB52538A180009F9762 /* Virtual Dice_UI */,
			);
		};
/* End PBXProject section */

/* Begin PBXResourcesBuildPhase section */
		714EAAB42538A180009F9762 /* Resources */ = {
			isa = PBXResourcesBuildPhase;
			buildActionMask = 2147483647;
			files = (
				714EAAC62538A1AB009F9762 /* LaunchScreen.storyboard in Resources */,
				714EAAC32538A1AB009F9762 /* Preview Assets.xcassets in Resources */,
				714EAAC02538A1AB009F9762 /* Assets.xcassets in Resources */,
			);
			runOnlyForDeploymentPostprocessing = 0;
		};
/* End PBXResourcesBuildPhase section */

/* Begin PBXSourcesBuildPhase section */
		714EAAB22538A180009F9762 /* Sources */ = {
			isa = PBXSourcesBuildPhase;
			buildActionMask = 2147483647;
			files = (
				714EAABA2538A180009F9762 /* AppDelegate.swift in Sources */,
				714EAABC2538A180009F9762 /* SceneDelegate.swift in Sources */,
				714EAABE2538A180009F9762 /* ContentView.swift in Sources */,
			);
			runOnlyForDeploymentPostprocessing = 0;
		};
/* End PBXSourcesBuildPhase section */

/* Begin PBXVariantGroup section */
		714EAAC42538A1AB009F9762 /* LaunchScreen.storyboard */ = {
			isa = PBXVariantGroup;
			children = (
				714EAAC52538A1AB009F9762 /* Base */,
			);
			name = LaunchScreen.storyboard;
			sourceTree = "<group>";
		};
/* End PBXVariantGroup section */

/* Begin XCBuildConfiguration section */
		714EAAC82538A1AB009F9762 /* Debug */ = {
			isa = XCBuildConfiguration;
			buildSettings = {
				ALWAYS_SEARCH_USER_PATHS = NO;
				CLANG_ANALYZER_NONNULL = YES;
				CLANG_ANALYZER_NUMBER_OBJECT_CONVERSION = YES_AGGRESSIVE;
				CLANG_CXX_LANGUAGE_STANDARD = "gnu++14";
				CLANG_CXX_LIBRARY = "libc++";
				CLANG_ENABLE_MODULES = YES;
				CLANG_ENABLE_OBJC_ARC = YES;
				CLANG_ENABLE_OBJC_WEAK = YES;
				CLANG_WARN_BLOCK_CAPTURE_AUTORELEASING = YES;
				CLANG_WARN_BOOL_CONVERSION = YES;
				CLANG_WARN_COMMA = YES;
				CLANG_WARN_CONSTANT_CONVERSION = YES;
				CLANG_WARN_DEPRECATED_OBJC_IMPLEMENTATIONS = YES;
				CLANG_WARN_DIRECT_OBJC_ISA_USAGE = YES_ERROR;
				CLANG_WARN_DOCUMENTATION_COMMENTS = YES;
				CLANG_WARN_EMPTY_BODY = YES;
				CLANG_WARN_ENUM_CONVERSION = YES;
				CLANG_WARN_INFINITE_RECURSION = YES;
				CLANG_WARN_INT_CONVERSION = YES;
				CLANG_WARN_NON_LITERAL_NULL_CONVERSION = YES;
				CLANG_WARN_OBJC_IMPLICIT_RETAIN_SELF = YES;
				CLANG_WARN_OBJC_LITERAL_CONVERSION = YES;
				CLANG_WARN_OBJC_ROOT_CLASS = YES_ERROR;
				CLANG_WARN_RANGE_LOOP_ANALYSIS = YES;
				CLANG_WARN_STRICT_PROTOTYPES = YES;
				CLANG_WARN_SUSPICIOUS_MOVE = YES;
				CLANG_WARN_UNGUARDED_AVAILABILITY = YES_AGGRESSIVE;
				CLANG_WARN_UNREACHABLE_CODE = YES;
				CLANG_WARN__DUPLICATE_METHOD_MATCH = YES;
				COPY_PHASE_STRIP = NO;
				DEBUG_INFORMATION_FORMAT = dwarf;
				ENABLE_STRICT_OBJC_MSGSEND = YES;
				ENABLE_TESTABILITY = YES;
				GCC_C_LANGUAGE_STANDARD = gnu11;
				GCC_DYNAMIC_NO_PIC = NO;
				GCC_NO_COMMON_BLOCKS = YES;
				GCC_OPTIMIZATION_LEVEL = 0;
				GCC_PREPROCESSOR_DEFINITIONS = (
					"DEBUG=1",
					"$(inherited)",
				);
				GCC_WARN_64_TO_32_BIT_CONVERSION = YES;
				GCC_WARN_ABOUT_RETURN_TYPE = YES_ERROR;
				GCC_WARN_UNDECLARED_SELECTOR = YES;
				GCC_WARN_UNINITIALIZED_AUTOS = YES_AGGRESSIVE;
				GCC_WARN_UNUSED_FUNCTION = YES;
				GCC_WARN_UNUSED_VARIABLE = YES;
				IPHONEOS_DEPLOYMENT_TARGET = 13.1;
				MTL_ENABLE_DEBUG_INFO = INCLUDE_SOURCE;
				MTL_FAST_MATH = YES;
				ONLY_ACTIVE_ARCH = YES;
				SDKROOT = iphoneos;
				SWIFT_ACTIVE_COMPILATION_CONDITIONS = DEBUG;
				SWIFT_OPTIMIZATION_LEVEL = "-Onone";
			};
			name = Debug;
		};
		714EAAC92538A1AB009F9762 /* Release */ = {
			isa = XCBuildConfiguration;
			buildSettings = {
				ALWAYS_SEARCH_USER_PATHS = NO;
				CLANG_ANALYZER_NONNULL = YES;
				CLANG_ANALYZER_NUMBER_OBJECT_CONVERSION = YES_AGGRESSIVE;
				CLANG_CXX_LANGUAGE_STANDARD = "gnu++14";
				CLANG_CXX_LIBRARY = "libc++";
				CLANG_ENABLE_MODULES = YES;
				CLANG_ENABLE_OBJC_ARC = YES;
				CLANG_ENABLE_OBJC_WEAK = YES;
				CLANG_WARN_BLOCK_CAPTURE_AUTORELEASING = YES;
				CLANG_WARN_BOOL_CONVERSION = YES;
				CLANG_WARN_COMMA = YES;
				CLANG_WARN_CONSTANT_CONVERSION = YES;
				CLANG_WARN_DEPRECATED_OBJC_IMPLEMENTATIONS = YES;
				CLANG_WARN_DIRECT_OBJC_ISA_USAGE = YES_ERROR;
				CLANG_WARN_DOCUMENTATION_COMMENTS = YES;
				CLANG_WARN_EMPTY_BODY = YES;
				CLANG_WARN_ENUM_CONVERSION = YES;
				CLANG_WARN_INFINITE_RECURSION = YES;
				CLANG_WARN_INT_CONVERSION = YES;
				CLANG_WARN_NON_LITERAL_NULL_CONVERSION = YES;
				CLANG_WARN_OBJC_IMPLICIT_RETAIN_SELF = YES;
				CLANG_WARN_OBJC_LITERAL_CONVERSION = YES;
				CLANG_WARN_OBJC_ROOT_CLASS = YES_ERROR;
				CLANG_WARN_RANGE_LOOP_ANALYSIS = YES;
				CLANG_WARN_STRICT_PROTOTYPES = YES;
				CLANG_WARN_SUSPICIOUS_MOVE = YES;
				CLANG_WARN_UNGUARDED_AVAILABILITY = YES_AGGRESSIVE;
				CLANG_WARN_UNREACHABLE_CODE = YES;
				CLANG_WARN__DUPLICATE_METHOD_MATCH = YES;
				COPY_PHASE_STRIP = NO;
				DEBUG_INFORMATION_FORMAT = "dwarf-with-dsym";
				ENABLE_NS_ASSERTIONS = NO;
				ENABLE_STRICT_OBJC_MSGSEND = YES;
				GCC_C_LANGUAGE_STANDARD = gnu11;
				GCC_NO_COMMON_BLOCKS = YES;
				GCC_WARN_64_TO_32_BIT_CONVERSION = YES;
				GCC_WARN_ABOUT_RETURN_TYPE = YES_ERROR;
				GCC_WARN_UNDECLARED_SELECTOR = YES;
				GCC_WARN_UNINITIALIZED_AUTOS = YES_AGGRESSIVE;
				GCC_WARN_UNUSED_FUNCTION = YES;
				GCC_WARN_UNUSED_VARIABLE = YES;
				IPHONEOS_DEPLOYMENT_TARGET = 13.1;
				MTL_ENABLE_DEBUG_INFO = NO;
				MTL_FAST_MATH = YES;
				SDKROOT = iphoneos;
				SWIFT_COMPILATION_MODE = wholemodule;
				SWIFT_OPTIMIZATION_LEVEL = "-O";
				VALIDATE_PRODUCT = YES;
			};
			name = Release;
		};
		714EAACB2538A1AB009F9762 /* Debug */ = {
			isa = XCBuildConfiguration;
			buildSettings = {
				ASSETCATALOG_COMPILER_APPICON_NAME = AppIcon;
				CODE_SIGN_STYLE = Automatic;
				DEVELOPMENT_ASSET_PATHS = "\"Virtual Dice_UI/Preview Content\"";
				DEVELOPMENT_TEAM = K75946TXJA;
				ENABLE_PREVIEWS = YES;
				INFOPLIST_FILE = "Virtual Dice_UI/Info.plist";
				LD_RUNPATH_SEARCH_PATHS = (
					"$(inherited)",
					"@executable_path/Frameworks",
				);
				PRODUCT_BUNDLE_IDENTIFIER = "han.Virtual-Dice-UI";
				PRODUCT_NAME = "$(TARGET_NAME)";
				SWIFT_VERSION = 5.0;
				TARGETED_DEVICE_FAMILY = "1,2";
			};
			name = Debug;
		};
		714EAACC2538A1AB009F9762 /* Release */ = {
			isa = XCBuildConfiguration;
			buildSettings = {
				ASSETCATALOG_COMPILER_APPICON_NAME = AppIcon;
				CODE_SIGN_STYLE = Automatic;
				DEVELOPMENT_ASSET_PATHS = "\"Virtual Dice_UI/Preview Content\"";
				DEVELOPMENT_TEAM = K75946TXJA;
				ENABLE_PREVIEWS = YES;
				INFOPLIST_FILE = "Virtual Dice_UI/Info.plist";
				LD_RUNPATH_SEARCH_PATHS = (
					"$(inherited)",
					"@executable_path/Frameworks",
				);
				PRODUCT_BUNDLE_IDENTIFIER = "han.Virtual-Dice-UI";
				PRODUCT_NAME = "$(TARGET_NAME)";
				SWIFT_VERSION = 5.0;
				TARGETED_DEVICE_FAMILY = "1,2";
			};
			name = Release;
		};
/* End XCBuildConfiguration section */

/* Begin XCConfigurationList section */
		714EAAB12538A17F009F9762 /* Build configuration list for PBXProject "Virtual Dice_UI" */ = {
			isa = XCConfigurationList;
			buildConfigurations = (
				714EAAC82538A1AB009F9762 /* Debug */,
				714EAAC92538A1AB009F9762 /* Release */,
			);
			defaultConfigurationIsVisible = 0;
			defaultConfigurationName = Release;
		};
		714EAACA2538A1AB009F9762 /* Build configuration list for PBXNativeTarget "Virtual Dice_UI" */ = {
			isa = XCConfigurationList;
			buildConfigurations = (
				714EAACB2538A1AB009F9762 /* Debug */,
				714EAACC2538A1AB009F9762 /* Release */,
			);
			defaultConfigurationIsVisible = 0;
			defaultConfigurationName = Release;
		};
/* End XCConfigurationList section */
	};
	rootObject = 714EAAAE2538A17F009F9762 /* Project object */;
}
